
Microsoft Visual Studio Solution File, Format Version 12.00
# Visual Studio Version 17
VisualStudioVersion = 17.11.35303.130
MinimumVisualStudioVersion = 10.0.40219.1
Project("{9A19103F-16F7-4668-BE54-9A1E7A4F7556}") = "Universell", "Universell\Universell.csproj", "{2F3E03AA-375C-4835-896C-0CF2AAEF6C0A}"
EndProject
Project("{9A19103F-16F7-4668-BE54-9A1E7A4F7556}") = "Universell.Domain", "Universell.Domain\Universell.Domain.csproj", "{B671792F-AD5B-4BB9-9737-12C379AA6F16}"
EndProject
Project("{9A19103F-16F7-4668-BE54-9A1E7A4F7556}") = "Universell.Utils", "Universell.Utils\Universell.Utils.csproj", "{62984C07-E226-4C2E-BC75-1DC328B66256}"
EndProject
Project("{FAE04EC0-301F-11D3-BF4B-00C04F79EFBC}") = "Universell.Metier", "Universell.Metier\Universell.Metier.csproj", "{724C9463-336C-4334-9EFC-C21EF022F540}"
EndProject
Global
	GlobalSection(SolutionConfigurationPlatforms) = preSolution
		Debug|Any CPU = Debug|Any CPU
		Release|Any CPU = Release|Any CPU
	EndGlobalSection
	GlobalSection(ProjectConfigurationPlatforms) = postSolution
		{2F3E03AA-375C-4835-896C-0CF2AAEF6C0A}.Debug|Any CPU.ActiveCfg = Debug|Any CPU
		{2F3E03AA-375C-4835-896C-0CF2AAEF6C0A}.Debug|Any CPU.Build.0 = Debug|Any CPU
		{2F3E03AA-375C-4835-896C-0CF2AAEF6C0A}.Release|Any CPU.ActiveCfg = Release|Any CPU
		{2F3E03AA-375C-4835-896C-0CF2AAEF6C0A}.Release|Any CPU.Build.0 = Release|Any CPU
		{B671792F-AD5B-4BB9-9737-12C379AA6F16}.Debug|Any CPU.ActiveCfg = Debug|Any CPU
		{B671792F-AD5B-4BB9-9737-12C379AA6F16}.Debug|Any CPU.Build.0 = Debug|Any CPU
		{B671792F-AD5B-4BB9-9737-12C379AA6F16}.Release|Any CPU.ActiveCfg = Release|Any CPU
		{B671792F-AD5B-4BB9-9737-12C379AA6F16}.Release|Any CPU.Build.0 = Release|Any CPU
		{62984C07-E226-4C2E-BC75-1DC328B66256}.Debug|Any CPU.ActiveCfg = Debug|Any CPU
		{62984C07-E226-4C2E-BC75-1DC328B66256}.Debug|Any CPU.Build.0 = Debug|Any CPU
		{62984C07-E226-4C2E-BC75-1DC328B66256}.Release|Any CPU.ActiveCfg = Release|Any CPU
		{62984C07-E226-4C2E-BC75-1DC328B66256}.Release|Any CPU.Build.0 = Release|Any CPU
		{724C9463-336C-4334-9EFC-C21EF022F540}.Debug|Any CPU.ActiveCfg = Debug|Any CPU
		{724C9463-336C-4334-9EFC-C21EF022F540}.Debug|Any CPU.Build.0 = Debug|Any CPU
		{724C9463-336C-4334-9EFC-C21EF022F540}.Release|Any CPU.ActiveCfg = Release|Any CPU
		{724C9463-336C-4334-9EFC-C21EF022F540}.Release|Any CPU.Build.0 = Release|Any CPU
	EndGlobalSection
	GlobalSection(SolutionProperties) = preSolution
		HideSolutionNode = FALSE
	EndGlobalSection
	GlobalSection(ExtensibilityGlobals) = postSolution
		SolutionGuid = {EF83E8B4-64B9-4E22-BF7F-A6779123C3F7}
	EndGlobalSection
EndGlobal
